
Microsoft Visual Studio Solution File, Format Version 12.00
Project("{FAE04EC0-301F-11D3-BF4B-00C04F79EFBC}") = "ES.Yoomoney.Api", "ES.Yoomoney.Api\ES.Yoomoney.Api.csproj", "{3FBF453E-AD83-4141-A19E-BB4335C59067}"
EndProject
Project("{FAE04EC0-301F-11D3-BF4B-00C04F79EFBC}") = "ES.Yoomoney.AdminPanel.Host", "ES.Yoomoney.AdminPanel.Host\ES.Yoomoney.AdminPanel.Host.csproj", "{68D56559-E38C-420E-8E2C-1191CE3CD10F}"
EndProject
Project("{FAE04EC0-301F-11D3-BF4B-00C04F79EFBC}") = "ES.Yoomoney.AdminPanel.ServiceDefaults", "ES.Yoomoney.AdminPanel.ServiceDefaults\ES.Yoomoney.AdminPanel.ServiceDefaults.csproj", "{AB8F374A-7494-4E12-A208-B927DB2763A7}"
EndProject
Project("{FAE04EC0-301F-11D3-BF4B-00C04F79EFBC}") = "ES.Yoomoney.Application", "ES.Yoomoney.Application\ES.Yoomoney.Application.csproj", "{66D620EB-9EAF-4039-9614-5AE2C54FDA52}"
EndProject
Project("{FAE04EC0-301F-11D3-BF4B-00C04F79EFBC}") = "ES.Yoomoney.Core", "ES.Yoomoney.Core\ES.Yoomoney.Core.csproj", "{B29541C5-2AB7-485E-B95D-E09FB47A3B3E}"
EndProject
Project("{FAE04EC0-301F-11D3-BF4B-00C04F79EFBC}") = "ES.Yoomoney.Infrastructure.Messaging", "ES.Yoomoney.Infrastructure.Messaging\ES.Yoomoney.Infrastructure.Messaging.csproj", "{9561AD15-3C70-47F2-B07F-74141C844159}"
EndProject
Project("{FAE04EC0-301F-11D3-BF4B-00C04F79EFBC}") = "ES.Yoomoney.Infrastructure.Persistence.EventSourcing", "ES.Yoomoney.Infrastructure.Persistence.EventSourcing\ES.Yoomoney.Infrastructure.Persistence.EventSourcing.csproj", "{43D51FC1-A22F-453E-A3B4-8B9F2E0DEBCA}"
EndProject
Project("{2150E333-8FDC-42A3-9474-1A3956D46DE8}") = "Infrastructure", "Infrastructure", "{B634CB2C-FDEC-44CB-8E6A-F99EB08C5D9E}"
EndProject
Project("{2150E333-8FDC-42A3-9474-1A3956D46DE8}") = "Aspire", "Aspire", "{E09DE28A-44C0-49EF-B7D8-A783B7809EF2}"
EndProject
Project("{FAE04EC0-301F-11D3-BF4B-00C04F79EFBC}") = "ES.Yoomoney.Infrastructure.Workers", "ES.Yoomoney.Infrastructure.Workers\ES.Yoomoney.Infrastructure.Workers.csproj", "{A22971AA-623F-419A-B5D1-6D0C9217D013}"
EndProject
Project("{2150E333-8FDC-42A3-9474-1A3956D46DE8}") = "Tests", "Tests", "{6B41DB89-4764-427C-89A5-90F793924442}"
EndProject
Project("{FAE04EC0-301F-11D3-BF4B-00C04F79EFBC}") = "ES.Yoomoney.Tests.Unit", "ES.Yoomoney.Tests.Unit\ES.Yoomoney.Tests.Unit.csproj", "{37E62BCD-D199-49F5-AD28-D03E9A8BE47F}"
EndProject
Project("{FAE04EC0-301F-11D3-BF4B-00C04F79EFBC}") = "ES.Yoomoney.Tests.Integration", "ES.Yoomoney.Tests.Integration\ES.Yoomoney.Tests.Integration.csproj", "{4CCF9CC0-CBB9-4D66-997B-F6FDE42CE178}"
EndProject
Project("{FAE04EC0-301F-11D3-BF4B-00C04F79EFBC}") = "ES.Yoomoney.Infrastructure.Clients", "ES.Yoomoney.Infrastructure.Clients\ES.Yoomoney.Infrastructure.Clients.csproj", "{CDDD09C2-403B-4376-8DB7-20D3ADE41386}"
EndProject
Project("{FAE04EC0-301F-11D3-BF4B-00C04F79EFBC}") = "ES.Yoomoney.Infrastructure.Persistence.PostgreSql", "ES.Yoomoney.Infrastructure.Persistence.PostgreSql\ES.Yoomoney.Infrastructure.Persistence.PostgreSql.csproj", "{7BAF63FF-1B14-47D6-9881-8FACAD1C30A6}"
EndProject
Project("{FAE04EC0-301F-11D3-BF4B-00C04F79EFBC}") = "ES.Yoomoney.AdminPanel", "ES.Yoomoney.AdminPanel\ES.Yoomoney.AdminPanel\ES.Yoomoney.AdminPanel.csproj", "{3561A0E1-56CE-4575-A0CC-D78EEFB73F5A}"
EndProject
Project("{FAE04EC0-301F-11D3-BF4B-00C04F79EFBC}") = "ES.Yoomoney.AdminPanel.Client", "ES.Yoomoney.AdminPanel\ES.Yoomoney.AdminPanel.Client\ES.Yoomoney.AdminPanel.Client.csproj", "{3F119BB6-D46F-4A09-8E9B-C23877AE97EA}"
EndProject
Project("{FAE04EC0-301F-11D3-BF4B-00C04F79EFBC}") = "ES.Yoomoney.Host", "ES.Yoomoney.Host\ES.Yoomoney.Host.csproj", "{164515F5-B0AA-4F4E-AC2E-DA0656097686}"
EndProject
Global
	GlobalSection(SolutionConfigurationPlatforms) = preSolution
		Debug|Any CPU = Debug|Any CPU
		Release|Any CPU = Release|Any CPU
	EndGlobalSection
	GlobalSection(ProjectConfigurationPlatforms) = postSolution
		{3FBF453E-AD83-4141-A19E-BB4335C59067}.Debug|Any CPU.ActiveCfg = Debug|Any CPU
		{3FBF453E-AD83-4141-A19E-BB4335C59067}.Debug|Any CPU.Build.0 = Debug|Any CPU
		{3FBF453E-AD83-4141-A19E-BB4335C59067}.Release|Any CPU.ActiveCfg = Release|Any CPU
		{3FBF453E-AD83-4141-A19E-BB4335C59067}.Release|Any CPU.Build.0 = Release|Any CPU
		{68D56559-E38C-420E-8E2C-1191CE3CD10F}.Debug|Any CPU.ActiveCfg = Debug|Any CPU
		{68D56559-E38C-420E-8E2C-1191CE3CD10F}.Debug|Any CPU.Build.0 = Debug|Any CPU
		{68D56559-E38C-420E-8E2C-1191CE3CD10F}.Release|Any CPU.ActiveCfg = Release|Any CPU
		{68D56559-E38C-420E-8E2C-1191CE3CD10F}.Release|Any CPU.Build.0 = Release|Any CPU
		{AB8F374A-7494-4E12-A208-B927DB2763A7}.Debug|Any CPU.ActiveCfg = Debug|Any CPU
		{AB8F374A-7494-4E12-A208-B927DB2763A7}.Debug|Any CPU.Build.0 = Debug|Any CPU
		{AB8F374A-7494-4E12-A208-B927DB2763A7}.Release|Any CPU.ActiveCfg = Release|Any CPU
		{AB8F374A-7494-4E12-A208-B927DB2763A7}.Release|Any CPU.Build.0 = Release|Any CPU
		{66D620EB-9EAF-4039-9614-5AE2C54FDA52}.Debug|Any CPU.ActiveCfg = Debug|Any CPU
		{66D620EB-9EAF-4039-9614-5AE2C54FDA52}.Debug|Any CPU.Build.0 = Debug|Any CPU
		{66D620EB-9EAF-4039-9614-5AE2C54FDA52}.Release|Any CPU.ActiveCfg = Release|Any CPU
		{66D620EB-9EAF-4039-9614-5AE2C54FDA52}.Release|Any CPU.Build.0 = Release|Any CPU
		{B29541C5-2AB7-485E-B95D-E09FB47A3B3E}.Debug|Any CPU.ActiveCfg = Debug|Any CPU
		{B29541C5-2AB7-485E-B95D-E09FB47A3B3E}.Debug|Any CPU.Build.0 = Debug|Any CPU
		{B29541C5-2AB7-485E-B95D-E09FB47A3B3E}.Release|Any CPU.ActiveCfg = Release|Any CPU
		{B29541C5-2AB7-485E-B95D-E09FB47A3B3E}.Release|Any CPU.Build.0 = Release|Any CPU
		{9561AD15-3C70-47F2-B07F-74141C844159}.Debug|Any CPU.ActiveCfg = Debug|Any CPU
		{9561AD15-3C70-47F2-B07F-74141C844159}.Debug|Any CPU.Build.0 = Debug|Any CPU
		{9561AD15-3C70-47F2-B07F-74141C844159}.Release|Any CPU.ActiveCfg = Release|Any CPU
		{9561AD15-3C70-47F2-B07F-74141C844159}.Release|Any CPU.Build.0 = Release|Any CPU
		{43D51FC1-A22F-453E-A3B4-8B9F2E0DEBCA}.Debug|Any CPU.ActiveCfg = Debug|Any CPU
		{43D51FC1-A22F-453E-A3B4-8B9F2E0DEBCA}.Debug|Any CPU.Build.0 = Debug|Any CPU
		{43D51FC1-A22F-453E-A3B4-8B9F2E0DEBCA}.Release|Any CPU.ActiveCfg = Release|Any CPU
		{43D51FC1-A22F-453E-A3B4-8B9F2E0DEBCA}.Release|Any CPU.Build.0 = Release|Any CPU
		{A22971AA-623F-419A-B5D1-6D0C9217D013}.Debug|Any CPU.ActiveCfg = Debug|Any CPU
		{A22971AA-623F-419A-B5D1-6D0C9217D013}.Debug|Any CPU.Build.0 = Debug|Any CPU
		{A22971AA-623F-419A-B5D1-6D0C9217D013}.Release|Any CPU.ActiveCfg = Release|Any CPU
		{A22971AA-623F-419A-B5D1-6D0C9217D013}.Release|Any CPU.Build.0 = Release|Any CPU
		{37E62BCD-D199-49F5-AD28-D03E9A8BE47F}.Debug|Any CPU.ActiveCfg = Debug|Any CPU
		{37E62BCD-D199-49F5-AD28-D03E9A8BE47F}.Debug|Any CPU.Build.0 = Debug|Any CPU
		{37E62BCD-D199-49F5-AD28-D03E9A8BE47F}.Release|Any CPU.ActiveCfg = Release|Any CPU
		{37E62BCD-D199-49F5-AD28-D03E9A8BE47F}.Release|Any CPU.Build.0 = Release|Any CPU
		{4CCF9CC0-CBB9-4D66-997B-F6FDE42CE178}.Debug|Any CPU.ActiveCfg = Debug|Any CPU
		{4CCF9CC0-CBB9-4D66-997B-F6FDE42CE178}.Debug|Any CPU.Build.0 = Debug|Any CPU
		{4CCF9CC0-CBB9-4D66-997B-F6FDE42CE178}.Release|Any CPU.ActiveCfg = Release|Any CPU
		{4CCF9CC0-CBB9-4D66-997B-F6FDE42CE178}.Release|Any CPU.Build.0 = Release|Any CPU
		{CDDD09C2-403B-4376-8DB7-20D3ADE41386}.Debug|Any CPU.ActiveCfg = Debug|Any CPU
		{CDDD09C2-403B-4376-8DB7-20D3ADE41386}.Debug|Any CPU.Build.0 = Debug|Any CPU
		{CDDD09C2-403B-4376-8DB7-20D3ADE41386}.Release|Any CPU.ActiveCfg = Release|Any CPU
		{CDDD09C2-403B-4376-8DB7-20D3ADE41386}.Release|Any CPU.Build.0 = Release|Any CPU
		{7BAF63FF-1B14-47D6-9881-8FACAD1C30A6}.Debug|Any CPU.ActiveCfg = Debug|Any CPU
		{7BAF63FF-1B14-47D6-9881-8FACAD1C30A6}.Debug|Any CPU.Build.0 = Debug|Any CPU
		{7BAF63FF-1B14-47D6-9881-8FACAD1C30A6}.Release|Any CPU.ActiveCfg = Release|Any CPU
		{7BAF63FF-1B14-47D6-9881-8FACAD1C30A6}.Release|Any CPU.Build.0 = Release|Any CPU
		{3561A0E1-56CE-4575-A0CC-D78EEFB73F5A}.Debug|Any CPU.ActiveCfg = Debug|Any CPU
		{3561A0E1-56CE-4575-A0CC-D78EEFB73F5A}.Debug|Any CPU.Build.0 = Debug|Any CPU
		{3561A0E1-56CE-4575-A0CC-D78EEFB73F5A}.Release|Any CPU.ActiveCfg = Release|Any CPU
		{3561A0E1-56CE-4575-A0CC-D78EEFB73F5A}.Release|Any CPU.Build.0 = Release|Any CPU
		{3F119BB6-D46F-4A09-8E9B-C23877AE97EA}.Debug|Any CPU.ActiveCfg = Debug|Any CPU
		{3F119BB6-D46F-4A09-8E9B-C23877AE97EA}.Debug|Any CPU.Build.0 = Debug|Any CPU
		{3F119BB6-D46F-4A09-8E9B-C23877AE97EA}.Release|Any CPU.ActiveCfg = Release|Any CPU
		{3F119BB6-D46F-4A09-8E9B-C23877AE97EA}.Release|Any CPU.Build.0 = Release|Any CPU
		{164515F5-B0AA-4F4E-AC2E-DA0656097686}.Debug|Any CPU.ActiveCfg = Debug|Any CPU
		{164515F5-B0AA-4F4E-AC2E-DA0656097686}.Debug|Any CPU.Build.0 = Debug|Any CPU
		{164515F5-B0AA-4F4E-AC2E-DA0656097686}.Release|Any CPU.ActiveCfg = Release|Any CPU
		{164515F5-B0AA-4F4E-AC2E-DA0656097686}.Release|Any CPU.Build.0 = Release|Any CPU
	EndGlobalSection
	GlobalSection(NestedProjects) = preSolution
		{9561AD15-3C70-47F2-B07F-74141C844159} = {B634CB2C-FDEC-44CB-8E6A-F99EB08C5D9E}
		{43D51FC1-A22F-453E-A3B4-8B9F2E0DEBCA} = {B634CB2C-FDEC-44CB-8E6A-F99EB08C5D9E}
		{68D56559-E38C-420E-8E2C-1191CE3CD10F} = {E09DE28A-44C0-49EF-B7D8-A783B7809EF2}
		{AB8F374A-7494-4E12-A208-B927DB2763A7} = {E09DE28A-44C0-49EF-B7D8-A783B7809EF2}
		{A22971AA-623F-419A-B5D1-6D0C9217D013} = {B634CB2C-FDEC-44CB-8E6A-F99EB08C5D9E}
		{37E62BCD-D199-49F5-AD28-D03E9A8BE47F} = {6B41DB89-4764-427C-89A5-90F793924442}
		{4CCF9CC0-CBB9-4D66-997B-F6FDE42CE178} = {6B41DB89-4764-427C-89A5-90F793924442}
		{CDDD09C2-403B-4376-8DB7-20D3ADE41386} = {B634CB2C-FDEC-44CB-8E6A-F99EB08C5D9E}
		{7BAF63FF-1B14-47D6-9881-8FACAD1C30A6} = {B634CB2C-FDEC-44CB-8E6A-F99EB08C5D9E}
		{3561A0E1-56CE-4575-A0CC-D78EEFB73F5A} = {E09DE28A-44C0-49EF-B7D8-A783B7809EF2}
		{3F119BB6-D46F-4A09-8E9B-C23877AE97EA} = {E09DE28A-44C0-49EF-B7D8-A783B7809EF2}
	EndGlobalSection
EndGlobal
